{
	"name": "haya32x64-benchmarks",
	"lockfileVersion": 3,
	"requires": true,
	"packages": {
		"": {
			"name": "haya32x64-benchmarks",
			"dependencies": {
				"hayahash": "0.4.6",
				"imurmurhash": "0.1.4",
				"xxhash-wasm": "1.1.0",
				"xxhashjs": "0.2.2"
			}
		},
		"node_modules/cuint": {
			"version": "0.2.2",
			"resolved": "https://registry.npmjs.org/cuint/-/cuint-0.2.2.tgz",
			"integrity": "sha512-d4ZVpCW31eWwCMe1YT3ur7mUDnTXbgwyzaL320DrcRT45rfjYxkt5QWLrmOJ+/UEAI2+fQgKe/fCjR8l4TpRgw==",
			"license": "MIT"
		},
		"node_modules/hayahash": {
			"version": "0.4.6",
			"resolved": "https://registry.npmjs.org/hayahash/-/hayahash-0.4.6.tgz",
			"integrity": "sha512-913QT+9HTcS+lmZmINqnrdJbWORnZJKWNA7szer/sW67XrxEiMVE+GBPG1TSoQ1pr+WaO7pnjyLnWv6rxeTKSQ==",
			"license": "Unlicense",
			"engines": {
				"node": ">=18"
			}
		},
		"node_modules/imurmurhash": {
			"version": "0.1.4",
			"resolved": "https://registry.npmjs.org/imurmurhash/-/imurmurhash-0.1.4.tgz",
			"integrity": "sha512-JmXMZ6wuvDmLiHEml9ykzqO6lwFbof0GG4IkcGaENdCRDDmMVnny7s5HsIgHCbaq0w2MyPhDqkhTUgS2LU2PHA==",
			"license": "MIT",
			"engines": {
				"node": ">=0.8.19"
			}
		},
		"node_modules/xxhash-wasm": {
			"version": "1.1.0",
			"resolved": "https://registry.npmjs.org/xxhash-wasm/-/xxhash-wasm-1.1.0.tgz",
			"integrity": "sha512-147y/6YNh+tlp6nd/2pWq38i9h6mz/EuQ6njIrmW8D1BS5nCqs0P6DG+m6zTGnNz5I+uhZ0SHxBs9BsPrwcKDA==",
			"license": "MIT"
		},
		"node_modules/xxhashjs": {
			"version": "0.2.2",
			"resolved": "https://registry.npmjs.org/xxhashjs/-/xxhashjs-0.2.2.tgz",
			"integrity": "sha512-AkTuIuVTET12tpsVIQo+ZU6f/qDmKuRUcjaqR+OIvm+aCBsZ95i7UVY5WJ9TMsSaZ0DA2WxoZ4acu0sPH+OKAw==",
			"license": "MIT",
			"dependencies": {
				"cuint": "^0.2.2"
			}
		}
	}
}
